
Microsoft Visual Studio Solution File, Format Version 12.00
# Visual Studio Version 16
VisualStudioVersion = 16.0.31025.218
MinimumVisualStudioVersion = 10.0.40219.1
Project("{888888A0-9F3D-457C-B088-3A5042F75D52}") = "PaDiM-Anomaly-Detection-Localization", "PaDiM-Anomaly-Detection-Localization.pyproj", "{03DF0B2A-F5EA-473D-B7BD-01D7875B4FCC}"
EndProject
Global
	GlobalSection(SolutionConfigurationPlatforms) = preSolution
		Debug|Any CPU = Debug|Any CPU
		Release|Any CPU = Release|Any CPU
	EndGlobalSection
	GlobalSection(ProjectConfigurationPlatforms) = postSolution
		{03DF0B2A-F5EA-473D-B7BD-01D7875B4FCC}.Debug|Any CPU.ActiveCfg = Debug|Any CPU
		{03DF0B2A-F5EA-473D-B7BD-01D7875B4FCC}.Release|Any CPU.ActiveCfg = Release|Any CPU
	EndGlobalSection
	GlobalSection(SolutionProperties) = preSolution
		HideSolutionNode = FALSE
	EndGlobalSection
	GlobalSection(ExtensibilityGlobals) = postSolution
		SolutionGuid = {7C3303A8-9ABD-4813-BA65-ED52CC0BD2CE}
	EndGlobalSection
EndGlobal
